
Microsoft Visual Studio Solution File, Format Version 12.00
# Visual Studio Version 16
VisualStudioVersion = 16.0.30804.86
MinimumVisualStudioVersion = 10.0.40219.1
Project("{FAE04EC0-301F-11D3-BF4B-00C04F79EFBC}") = "MVCExercise", "MVCExercise\MVCExercise.csproj", "{92E6EFC6-8DA9-45B1-ACBF-96228F800AAD}"
EndProject
Global
	GlobalSection(SolutionConfigurationPlatforms) = preSolution
		Debug|Any CPU = Debug|Any CPU
		Release|Any CPU = Release|Any CPU
	EndGlobalSection
	GlobalSection(ProjectConfigurationPlatforms) = postSolution
		{92E6EFC6-8DA9-45B1-ACBF-96228F800AAD}.Debug|Any CPU.ActiveCfg = Debug|Any CPU
		{92E6EFC6-8DA9-45B1-ACBF-96228F800AAD}.Debug|Any CPU.Build.0 = Debug|Any CPU
		{92E6EFC6-8DA9-45B1-ACBF-96228F800AAD}.Release|Any CPU.ActiveCfg = Release|Any CPU
		{92E6EFC6-8DA9-45B1-ACBF-96228F800AAD}.Release|Any CPU.Build.0 = Release|Any CPU
	EndGlobalSection
	GlobalSection(SolutionProperties) = preSolution
		HideSolutionNode = FALSE
	EndGlobalSection
	GlobalSection(ExtensibilityGlobals) = postSolution
		SolutionGuid = {E787CAEC-494D-46B7-ABA0-2B2422CD6044}
	EndGlobalSection
EndGlobal
